
Microsoft Visual Studio Solution File, Format Version 12.00
# Visual Studio Version 16
VisualStudioVersion = 16.0.30320.27
MinimumVisualStudioVersion = 10.0.40219.1
Project("{888888A0-9F3D-457C-B088-3A5042F75D52}") = "Bici", "Bici\Bici.pyproj", "{86211B70-DC30-45C2-B669-9DAF6A072E21}"
EndProject
Global
	GlobalSection(SolutionConfigurationPlatforms) = preSolution
		Debug|Any CPU = Debug|Any CPU
		Release|Any CPU = Release|Any CPU
	EndGlobalSection
	GlobalSection(ProjectConfigurationPlatforms) = postSolution
		{86211B70-DC30-45C2-B669-9DAF6A072E21}.Debug|Any CPU.ActiveCfg = Debug|Any CPU
		{86211B70-DC30-45C2-B669-9DAF6A072E21}.Release|Any CPU.ActiveCfg = Release|Any CPU
	EndGlobalSection
	GlobalSection(SolutionProperties) = preSolution
		HideSolutionNode = FALSE
	EndGlobalSection
	GlobalSection(ExtensibilityGlobals) = postSolution
		SolutionGuid = {B493500D-CE8A-4B73-8C87-BF4B0B63524A}
	EndGlobalSection
EndGlobal
